{
  "name": "westart-wechat-bot",
  "lockfileVersion": 3,
  "requires": true,
  "packages": {
    "": {
      "name": "westart-wechat-bot",
      "dependencies": {
        "@meituan-travel/ht-ai": "latest"
      }
    },
    "node_modules/@meituan-travel/ht-ai": {
      "version": "0.0.6",
      "resolved": "https://registry.npmjs.org/@meituan-travel/ht-ai/-/ht-ai-0.0.6.tgz",
      "integrity": "sha512-COUDNmrqSmi/mpLu9X4LOY1uOQxr6woBLwxbeVS2QlLmgbgZqYE5TmWpkDj/VKJbsY8JWSiUUwnIKEQObpu6yg==",
      "license": "MIT",
      "bin": {
        "ht-ai": "dist/index.js"
      },
      "engines": {
        "node": ">=18.0.0"
      }
    }
  }
}
